annotated-doc==0.0.5
annotated-types==0.8.0
editables==0.6
hatchling==1.32.4
iniconfig==2.3.0
librt==0.16.0
markdown-it-py==4.2.0
mdurl==0.1.2
mypy==1.20.2
mypy_extensions==1.1.0
numpy==2.5.3
packaging==26.3
pandas==3.0.6
pandas-stubs==3.0.5.260914
pathspec==1.1.1
pluggy==1.6.0
pyarrow==23.0.1
pydantic==2.13.5
pydantic_core==2.46.5
Pygments==2.21.0
pytest==9.1.1
python-dateutil==2.9.0.post0
rich==15.0.0
ruff==0.16.9
shellingham==1.5.4
six==1.17.0
tomlkit==0.15.1
trove-classifiers==2026.9.21.13
typer==0.27.2
typing-inspection==0.4.4
typing_extensions==4.16.0
